
Microsoft Visual Studio Solution File, Format Version 12.00
# Visual Studio Version 17
VisualStudioVersion = 17.2.32519.379
MinimumVisualStudioVersion = 10.0.40219.1
Project("{8BC9CEB8-8B4A-11D0-8D11-00A0C91BC942}") = "lab 2.2", "lab 2.2.vcxproj", "{16EC1AE9-A000-4DEC-8E0D-CC3AED76F15B}"
EndProject
Global
	GlobalSection(SolutionConfigurationPlatforms) = preSolution
		Debug|x64 = Debug|x64
		Debug|x86 = Debug|x86
		Release|x64 = Release|x64
		Release|x86 = Release|x86
	EndGlobalSection
	GlobalSection(ProjectConfigurationPlatforms) = postSolution
		{16EC1AE9-A000-4DEC-8E0D-CC3AED76F15B}.Debug|x64.ActiveCfg = Debug|x64
		{16EC1AE9-A000-4DEC-8E0D-CC3AED76F15B}.Debug|x64.Build.0 = Debug|x64
		{16EC1AE9-A000-4DEC-8E0D-CC3AED76F15B}.Debug|x86.ActiveCfg = Debug|Win32
		{16EC1AE9-A000-4DEC-8E0D-CC3AED76F15B}.Debug|x86.Build.0 = Debug|Win32
		{16EC1AE9-A000-4DEC-8E0D-CC3AED76F15B}.Release|x64.ActiveCfg = Release|x64
		{16EC1AE9-A000-4DEC-8E0D-CC3AED76F15B}.Release|x64.Build.0 = Release|x64
		{16EC1AE9-A000-4DEC-8E0D-CC3AED76F15B}.Release|x86.ActiveCfg = Release|Win32
		{16EC1AE9-A000-4DEC-8E0D-CC3AED76F15B}.Release|x86.Build.0 = Release|Win32
	EndGlobalSection
	GlobalSection(SolutionProperties) = preSolution
		HideSolutionNode = FALSE
	EndGlobalSection
	GlobalSection(ExtensibilityGlobals) = postSolution
		SolutionGuid = {F23F25F4-FE34-4E19-9F2B-14FB951CA286}
	EndGlobalSection
EndGlobal
